
Microsoft Visual Studio Solution File, Format Version 12.00
# Visual Studio Version 17
VisualStudioVersion = 17.4.33213.308
MinimumVisualStudioVersion = 10.0.40219.1
Project("{FAE04EC0-301F-11D3-BF4B-00C04F79EFBC}") = "RPGHeroes", "RPGHeroes.csproj", "{971A8EE6-AB14-4442-A078-B21EA61A2E00}"
EndProject
Global
	GlobalSection(SolutionConfigurationPlatforms) = preSolution
		Debug|Any CPU = Debug|Any CPU
		Release|Any CPU = Release|Any CPU
	EndGlobalSection
	GlobalSection(ProjectConfigurationPlatforms) = postSolution
		{971A8EE6-AB14-4442-A078-B21EA61A2E00}.Debug|Any CPU.ActiveCfg = Debug|Any CPU
		{971A8EE6-AB14-4442-A078-B21EA61A2E00}.Debug|Any CPU.Build.0 = Debug|Any CPU
		{971A8EE6-AB14-4442-A078-B21EA61A2E00}.Release|Any CPU.ActiveCfg = Release|Any CPU
		{971A8EE6-AB14-4442-A078-B21EA61A2E00}.Release|Any CPU.Build.0 = Release|Any CPU
	EndGlobalSection
	GlobalSection(SolutionProperties) = preSolution
		HideSolutionNode = FALSE
	EndGlobalSection
	GlobalSection(ExtensibilityGlobals) = postSolution
		SolutionGuid = {1297133E-E378-4153-A07E-3D4497A37D95}
	EndGlobalSection
EndGlobal
